// !$*UTF8*$!
{
	archiveVersion = 1;
	classes = {
	};
	objectVersion = 56;
	objects = {

/* Begin PBXBuildFile section */
		E6DB06E12A587A0800F6EA93 /* AppDelegate.swift in Sources */ = {isa = PBXBuildFile; fileRef = E6DB06E02A587A0800F6EA93 /* AppDelegate.swift */; };
		E6DB06E52A587A0800F6EA93 /* Actions.sks in Resources */ = {isa = PBXBuildFile; fileRef = E6DB06E42A587A0800F6EA93 /* Actions.sks */; };
		E6DB06E72A587A0800F6EA93 /* GameScene.swift in Sources */ = {isa = PBXBuildFile; fileRef = E6DB06E62A587A0800F6EA93 /* GameScene.swift */; };
		E6DB06E92A587A0800F6EA93 /* GameViewController.swift in Sources */ = {isa = PBXBuildFile; fileRef = E6DB06E82A587A0800F6EA93 /* GameViewController.swift */; };
		E6DB06EC2A587A0800F6EA93 /* Main.storyboard in Resources */ = {isa = PBXBuildFile; fileRef = E6DB06EA2A587A0800F6EA93 /* Main.storyboard */; };
		E6DB06EE2A587A0900F6EA93 /* Assets.xcassets in Resources */ = {isa = PBXBuildFile; fileRef = E6DB06ED2A587A0900F6EA93 /* Assets.xcassets */; };
		E6DB06F12A587A0900F6EA93 /* LaunchScreen.storyboard in Resources */ = {isa = PBXBuildFile; fileRef = E6DB06EF2A587A0900F6EA93 /* LaunchScreen.storyboard */; };
		E6DB06FB2A587A0900F6EA93 /* TheMostAttentivePersonTests.swift in Sources */ = {isa = PBXBuildFile; fileRef = E6DB06FA2A587A0900F6EA93 /* TheMostAttentivePersonTests.swift */; };
		E6DB07052A587A0900F6EA93 /* TheMostAttentivePersonUITests.swift in Sources */ = {isa = PBXBuildFile; fileRef = E6DB07042A587A0900F6EA93 /* TheMostAttentivePersonUITests.swift */; };
		E6DB07072A587A0900F6EA93 /* TheMostAttentivePersonUITestsLaunchTests.swift in Sources */ = {isa = PBXBuildFile; fileRef = E6DB07062A587A0900F6EA93 /* TheMostAttentivePersonUITestsLaunchTests.swift */; };
/* End PBXBuildFile section */

/* Begin PBXContainerItemProxy section */
		E6DB06F72A587A0900F6EA93 /* PBXContainerItemProxy */ = {
			isa = PBXContainerItemProxy;
			containerPortal = E6DB06D52A587A0800F6EA93 /* Project object */;
			proxyType = 1;
			remoteGlobalIDString = E6DB06DC2A587A0800F6EA93;
			remoteInfo = TheMostAttentivePerson;
		};
		E6DB07012A587A0900F6EA93 /* PBXContainerItemProxy */ = {
			isa = PBXContainerItemProxy;
			containerPortal = E6DB06D52A587A0800F6EA93 /* Project object */;
			proxyType = 1;
			remoteGlobalIDString = E6DB06DC2A587A0800F6EA93;
			remoteInfo = TheMostAttentivePerson;
		};
/* End PBXContainerItemProxy section */

/* Begin PBXFileReference section */
		E6DB06DD2A587A0800F6EA93 /* TheMostAttentivePerson.app */ = {isa = PBXFileReference; explicitFileType = wrapper.application; includeInIndex = 0; path = TheMostAttentivePerson.app; sourceTree = BUILT_PRODUCTS_DIR; };
		E6DB06E02A587A0800F6EA93 /* AppDelegate.swift */ = {isa = PBXFileReference; lastKnownFileType = sourcecode.swift; path = AppDelegate.swift; sourceTree = "<group>"; };
		E6DB06E42A587A0800F6EA93 /* Actions.sks */ = {isa = PBXFileReference; lastKnownFileType = file.sks; path = Actions.sks; sourceTree = "<group>"; };
		E6DB06E62A587A0800F6EA93 /* GameScene.swift */ = {isa = PBXFileReference; lastKnownFileType = sourcecode.swift; path = GameScene.swift; sourceTree = "<group>"; };
		E6DB06E82A587A0800F6EA93 /* GameViewController.swift */ = {isa = PBXFileReference; lastKnownFileType = sourcecode.swift; path = GameViewController.swift; sourceTree = "<group>"; };
		E6DB06EB2A587A0800F6EA93 /* Base */ = {isa = PBXFileReference; lastKnownFileType = file.storyboard; name = Base; path = Base.lproj/Main.storyboard; sourceTree = "<group>"; };
		E6DB06ED2A587A0900F6EA93 /* Assets.xcassets */ = {isa = PBXFileReference; lastKnownFileType = folder.assetcatalog; path = Assets.xcassets; sourceTree = "<group>"; };
		E6DB06F02A587A0900F6EA93 /* Base */ = {isa = PBXFileReference; lastKnownFileType = file.storyboard; name = Base; path = Base.lproj/LaunchScreen.storyboard; sourceTree = "<group>"; };
		E6DB06F62A587A0900F6EA93 /* TheMostAttentivePersonTests.xctest */ = {isa = PBXFileReference; explicitFileType = wrapper.cfbundle; includeInIndex = 0; path = TheMostAttentivePersonTests.xctest; sourceTree = BUILT_PRODUCTS_DIR; };
		E6DB06FA2A587A0900F6EA93 /* TheMostAttentivePersonTests.swift */ = {isa = PBXFileReference; lastKnownFileType = sourcecode.swift; path = TheMostAttentivePersonTests.swift; sourceTree = "<group>"; };
		E6DB07002A587A0900F6EA93 /* TheMostAttentivePersonUITests.xctest */ = {isa = PBXFileReference; explicitFileType = wrapper.cfbundle; includeInIndex = 0; path = TheMostAttentivePersonUITests.xctest; sourceTree = BUILT_PRODUCTS_DIR; };
		E6DB07042A587A0900F6EA93 /* TheMostAttentivePersonUITests.swift */ = {isa = PBXFileReference; lastKnownFileType = sourcecode.swift; path = TheMostAttentivePersonUITests.swift; sourceTree = "<group>"; };
		E6DB07062A587A0900F6EA93 /* TheMostAttentivePersonUITestsLaunchTests.swift */ = {isa = PBXFileReference; lastKnownFileType = sourcecode.swift; path = TheMostAttentivePersonUITestsLaunchTests.swift; sourceTree = "<group>"; };
/* End PBXFileReference section */

/* Begin PBXFrameworksBuildPhase section */
		E6DB06DA2A587A0800F6EA93 /* Frameworks */ = {
			isa = PBXFrameworksBuildPhase;
			buildActionMask = 2147483647;
			files = (
			);
			runOnlyForDeploymentPostprocessing = 0;
		};
		E6DB06F32A587A0900F6EA93 /* Frameworks */ = {
			isa = PBXFrameworksBuildPhase;
			buildActionMask = 2147483647;
			files = (
			);
			runOnlyForDeploymentPostprocessing = 0;
		};
		E6DB06FD2A587A0900F6EA93 /* Frameworks */ = {
			isa = PBXFrameworksBuildPhase;
			buildActionMask = 2147483647;
			files = (
			);
			runOnlyForDeploymentPostprocessing = 0;
		};
/* End PBXFrameworksBuildPhase section */

/* Begin PBXGroup section */
		E6DB06D42A587A0800F6EA93 = {
			isa = PBXGroup;
			children = (
				E6DB06DF2A587A0800F6EA93 /* TheMostAttentivePerson */,
				E6DB06F92A587A0900F6EA93 /* TheMostAttentivePersonTests */,
				E6DB07032A587A0900F6EA93 /* TheMostAttentivePersonUITests */,
				E6DB06DE2A587A0800F6EA93 /* Products */,
			);
			sourceTree = "<group>";
		};
		E6DB06DE2A587A0800F6EA93 /* Products */ = {
			isa = PBXGroup;
			children = (
				E6DB06DD2A587A0800F6EA93 /* TheMostAttentivePerson.app */,
				E6DB06F62A587A0900F6EA93 /* TheMostAttentivePersonTests.xctest */,
				E6DB07002A587A0900F6EA93 /* TheMostAttentivePersonUITests.xctest */,
			);
			name = Products;
			sourceTree = "<group>";
		};
		E6DB06DF2A587A0800F6EA93 /* TheMostAttentivePerson */ = {
			isa = PBXGroup;
			children = (
				E6DB06E02A587A0800F6EA93 /* AppDelegate.swift */,
				E6DB06E42A587A0800F6EA93 /* Actions.sks */,
				E6DB06E62A587A0800F6EA93 /* GameScene.swift */,
				E6DB06E82A587A0800F6EA93 /* GameViewController.swift */,
				E6DB06EA2A587A0800F6EA93 /* Main.storyboard */,
				E6DB06ED2A587A0900F6EA93 /* Assets.xcassets */,
				E6DB06EF2A587A0900F6EA93 /* LaunchScreen.storyboard */,
			);
			path = TheMostAttentivePerson;
			sourceTree = "<group>";
		};
		E6DB06F92A587A0900F6EA93 /* TheMostAttentivePersonTests */ = {
			isa = PBXGroup;
			children = (
				E6DB06FA2A587A0900F6EA93 /* TheMostAttentivePersonTests.swift */,
			);
			path = TheMostAttentivePersonTests;
			sourceTree = "<group>";
		};
		E6DB07032A587A0900F6EA93 /* TheMostAttentivePersonUITests */ = {
			isa = PBXGroup;
			children = (
				E6DB07042A587A0900F6EA93 /* TheMostAttentivePersonUITests.swift */,
				E6DB07062A587A0900F6EA93 /* TheMostAttentivePersonUITestsLaunchTests.swift */,
			);
			path = TheMostAttentivePersonUITests;
			sourceTree = "<group>";
		};
/* End PBXGroup section */

/* Begin PBXNativeTarget section */
		E6DB06DC2A587A0800F6EA93 /* TheMostAttentivePerson */ = {
			isa = PBXNativeTarget;
			buildConfigurationList = E6DB070A2A587A0900F6EA93 /* Build configuration list for PBXNativeTarget "TheMostAttentivePerson" */;
			buildPhases = (
				E6DB06D92A587A0800F6EA93 /* Sources */,
				E6DB06DA2A587A0800F6EA93 /* Frameworks */,
				E6DB06DB2A587A0800F6EA93 /* Resources */,
			);
			buildRules = (
			);
			dependencies = (
			);
			name = TheMostAttentivePerson;
			productName = TheMostAttentivePerson;
			productReference = E6DB06DD2A587A0800F6EA93 /* TheMostAttentivePerson.app */;
			productType = "com.apple.product-type.application";
		};
		E6DB06F52A587A0900F6EA93 /* TheMostAttentivePersonTests */ = {
			isa = PBXNativeTarget;
			buildConfigurationList = E6DB070D2A587A0900F6EA93 /* Build configuration list for PBXNativeTarget "TheMostAttentivePersonTests" */;
			buildPhases = (
				E6DB06F22A587A0900F6EA93 /* Sources */,
				E6DB06F32A587A0900F6EA93 /* Frameworks */,
				E6DB06F42A587A0900F6EA93 /* Resources */,
			);
			buildRules = (
			);
			dependencies = (
				E6DB06F82A587A0900F6EA93 /* PBXTargetDependency */,
			);
			name = TheMostAttentivePersonTests;
			productName = TheMostAttentivePersonTests;
			productReference = E6DB06F62A587A0900F6EA93 /* TheMostAttentivePersonTests.xctest */;
			productType = "com.apple.product-type.bundle.unit-test";
		};
		E6DB06FF2A587A0900F6EA93 /* TheMostAttentivePersonUITests */ = {
			isa = PBXNativeTarget;
			buildConfigurationList = E6DB07102A587A0900F6EA93 /* Build configuration list for PBXNativeTarget "TheMostAttentivePersonUITests" */;
			buildPhases = (
				E6DB06FC2A587A0900F6EA93 /* Sources */,
				E6DB06FD2A587A0900F6EA93 /* Frameworks */,
				E6DB06FE2A587A0900F6EA93 /* Resources */,
			);
			buildRules = (
			);
			dependencies = (
				E6DB07022A587A0900F6EA93 /* PBXTargetDependency */,
			);
			name = TheMostAttentivePersonUITests;
			productName = TheMostAttentivePersonUITests;
			productReference = E6DB07002A587A0900F6EA93 /* TheMostAttentivePersonUITests.xctest */;
			productType = "com.apple.product-type.bundle.ui-testing";
		};
/* End PBXNativeTarget section */

/* Begin PBXProject section */
		E6DB06D52A587A0800F6EA93 /* Project object */ = {
			isa = PBXProject;
			attributes = {
				BuildIndependentTargetsInParallel = 1;
				LastSwiftUpdateCheck = 1430;
				LastUpgradeCheck = 1430;
				TargetAttributes = {
					E6DB06DC2A587A0800F6EA93 = {
						CreatedOnToolsVersion = 14.3;
					};
					E6DB06F52A587A0900F6EA93 = {
						CreatedOnToolsVersion = 14.3;
						TestTargetID = E6DB06DC2A587A0800F6EA93;
					};
					E6DB06FF2A587A0900F6EA93 = {
						CreatedOnToolsVersion = 14.3;
						TestTargetID = E6DB06DC2A587A0800F6EA93;
					};
				};
			};
			buildConfigurationList = E6DB06D82A587A0800F6EA93 /* Build configuration list for PBXProject "TheMostAttentivePerson" */;
			compatibilityVersion = "Xcode 14.0";
			developmentRegion = en;
			hasScannedForEncodings = 0;
			knownRegions = (
				en,
				Base,
			);
			mainGroup = E6DB06D42A587A0800F6EA93;
			productRefGroup = E6DB06DE2A587A0800F6EA93 /* Products */;
			projectDirPath = "";
			projectRoot = "";
			targets = (
				E6DB06DC2A587A0800F6EA93 /* TheMostAttentivePerson */,
				E6DB06F52A587A0900F6EA93 /* TheMostAttentivePersonTests */,
				E6DB06FF2A587A0900F6EA93 /* TheMostAttentivePersonUITests */,
			);
		};
/* End PBXProject section */

/* Begin PBXResourcesBuildPhase section */
		E6DB06DB2A587A0800F6EA93 /* Resources */ = {
			isa = PBXResourcesBuildPhase;
			buildActionMask = 2147483647;
			files = (
				E6DB06EC2A587A0800F6EA93 /* Main.storyboard in Resources */,
				E6DB06EE2A587A0900F6EA93 /* Assets.xcassets in Resources */,
				E6DB06F12A587A0900F6EA93 /* LaunchScreen.storyboard in Resources */,
				E6DB06E52A587A0800F6EA93 /* Actions.sks in Resources */,
			);
			runOnlyForDeploymentPostprocessing = 0;
		};
		E6DB06F42A587A0900F6EA93 /* Resources */ = {
			isa = PBXResourcesBuildPhase;
			buildActionMask = 2147483647;
			files = (
			);
			runOnlyForDeploymentPostprocessing = 0;
		};
		E6DB06FE2A587A0900F6EA93 /* Resources */ = {
			isa = PBXResourcesBuildPhase;
			buildActionMask = 2147483647;
			files = (
			);
			runOnlyForDeploymentPostprocessing = 0;
		};
/* End PBXResourcesBuildPhase section */

/* Begin PBXSourcesBuildPhase section */
		E6DB06D92A587A0800F6EA93 /* Sources */ = {
			isa = PBXSourcesBuildPhase;
			buildActionMask = 2147483647;
			files = (
				E6DB06E72A587A0800F6EA93 /* GameScene.swift in Sources */,
				E6DB06E92A587A0800F6EA93 /* GameViewController.swift in Sources */,
				E6DB06E12A587A0800F6EA93 /* AppDelegate.swift in Sources */,
			);
			runOnlyForDeploymentPostprocessing = 0;
		};
		E6DB06F22A587A0900F6EA93 /* Sources */ = {
			isa = PBXSourcesBuildPhase;
			buildActionMask = 2147483647;
			files = (
				E6DB06FB2A587A0900F6EA93 /* TheMostAttentivePersonTests.swift in Sources */,
			);
			runOnlyForDeploymentPostprocessing = 0;
		};
		E6DB06FC2A587A0900F6EA93 /* Sources */ = {
			isa = PBXSourcesBuildPhase;
			buildActionMask = 2147483647;
			files = (
				E6DB07052A587A0900F6EA93 /* TheMostAttentivePersonUITests.swift in Sources */,
				E6DB07072A587A0900F6EA93 /* TheMostAttentivePersonUITestsLaunchTests.swift in Sources */,
			);
			runOnlyForDeploymentPostprocessing = 0;
		};
/* End PBXSourcesBuildPhase section */

/* Begin PBXTargetDependency section */
		E6DB06F82A587A0900F6EA93 /* PBXTargetDependency */ = {
			isa = PBXTargetDependency;
			target = E6DB06DC2A587A0800F6EA93 /* TheMostAttentivePerson */;
			targetProxy = E6DB06F72A587A0900F6EA93 /* PBXContainerItemProxy */;
		};
		E6DB07022A587A0900F6EA93 /* PBXTargetDependency */ = {
			isa = PBXTargetDependency;
			target = E6DB06DC2A587A0800F6EA93 /* TheMostAttentivePerson */;
			targetProxy = E6DB07012A587A0900F6EA93 /* PBXContainerItemProxy */;
		};
/* End PBXTargetDependency section */

/* Begin PBXVariantGroup section */
		E6DB06EA2A587A0800F6EA93 /* Main.storyboard */ = {
			isa = PBXVariantGroup;
			children = (
				E6DB06EB2A587A0800F6EA93 /* Base */,
			);
			name = Main.storyboard;
			sourceTree = "<group>";
		};
		E6DB06EF2A587A0900F6EA93 /* LaunchScreen.storyboard */ = {
			isa = PBXVariantGroup;
			children = (
				E6DB06F02A587A0900F6EA93 /* Base */,
			);
			name = LaunchScreen.storyboard;
			sourceTree = "<group>";
		};
/* End PBXVariantGroup section */

/* Begin XCBuildConfiguration section */
		E6DB07082A587A0900F6EA93 /* Debug */ = {
			isa = XCBuildConfiguration;
			buildSettings = {
				ALWAYS_SEARCH_USER_PATHS = NO;
				CLANG_ANALYZER_NONNULL = YES;
				CLANG_ANALYZER_NUMBER_OBJECT_CONVERSION = YES_AGGRESSIVE;
				CLANG_CXX_LANGUAGE_STANDARD = "gnu++20";
				CLANG_ENABLE_MODULES = YES;
				CLANG_ENABLE_OBJC_ARC = YES;
				CLANG_ENABLE_OBJC_WEAK = YES;
				CLANG_WARN_BLOCK_CAPTURE_AUTORELEASING = YES;
				CLANG_WARN_BOOL_CONVERSION = YES;
				CLANG_WARN_COMMA = YES;
				CLANG_WARN_CONSTANT_CONVERSION = YES;
				CLANG_WARN_DEPRECATED_OBJC_IMPLEMENTATIONS = YES;
				CLANG_WARN_DIRECT_OBJC_ISA_USAGE = YES_ERROR;
				CLANG_WARN_DOCUMENTATION_COMMENTS = YES;
				CLANG_WARN_EMPTY_BODY = YES;
				CLANG_WARN_ENUM_CONVERSION = YES;
				CLANG_WARN_INFINITE_RECURSION = YES;
				CLANG_WARN_INT_CONVERSION = YES;
				CLANG_WARN_NON_LITERAL_NULL_CONVERSION = YES;
				CLANG_WARN_OBJC_IMPLICIT_RETAIN_SELF = YES;
				CLANG_WARN_OBJC_LITERAL_CONVERSION = YES;
				CLANG_WARN_OBJC_ROOT_CLASS = YES_ERROR;
				CLANG_WARN_QUOTED_INCLUDE_IN_FRAMEWORK_HEADER = YES;
				CLANG_WARN_RANGE_LOOP_ANALYSIS = YES;
				CLANG_WARN_STRICT_PROTOTYPES = YES;
				CLANG_WARN_SUSPICIOUS_MOVE = YES;
				CLANG_WARN_UNGUARDED_AVAILABILITY = YES_AGGRESSIVE;
				CLANG_WARN_UNREACHABLE_CODE = YES;
				CLANG_WARN__DUPLICATE_METHOD_MATCH = YES;
				COPY_PHASE_STRIP = NO;
				DEBUG_INFORMATION_FORMAT = dwarf;
				ENABLE_STRICT_OBJC_MSGSEND = YES;
				ENABLE_TESTABILITY = YES;
				GCC_C_LANGUAGE_STANDARD = gnu11;
				GCC_DYNAMIC_NO_PIC = NO;
				GCC_NO_COMMON_BLOCKS = YES;
				GCC_OPTIMIZATION_LEVEL = 0;
				GCC_PREPROCESSOR_DEFINITIONS = (
					"DEBUG=1",
					"$(inherited)",
				);
				GCC_WARN_64_TO_32_BIT_CONVERSION = YES;
				GCC_WARN_ABOUT_RETURN_TYPE = YES_ERROR;
				GCC_WARN_UNDECLARED_SELECTOR = YES;
				GCC_WARN_UNINITIALIZED_AUTOS = YES_AGGRESSIVE;
				GCC_WARN_UNUSED_FUNCTION = YES;
				GCC_WARN_UNUSED_VARIABLE = YES;
				IPHONEOS_DEPLOYMENT_TARGET = 16.4;
				MTL_ENABLE_DEBUG_INFO = INCLUDE_SOURCE;
				MTL_FAST_MATH = YES;
				ONLY_ACTIVE_ARCH = YES;
				SDKROOT = iphoneos;
				SWIFT_ACTIVE_COMPILATION_CONDITIONS = DEBUG;
				SWIFT_OPTIMIZATION_LEVEL = "-Onone";
			};
			name = Debug;
		};
		E6DB07092A587A0900F6EA93 /* Release */ = {
			isa = XCBuildConfiguration;
			buildSettings = {
				ALWAYS_SEARCH_USER_PATHS = NO;
				CLANG_ANALYZER_NONNULL = YES;
				CLANG_ANALYZER_NUMBER_OBJECT_CONVERSION = YES_AGGRESSIVE;
				CLANG_CXX_LANGUAGE_STANDARD = "gnu++20";
				CLANG_ENABLE_MODULES = YES;
				CLANG_ENABLE_OBJC_ARC = YES;
				CLANG_ENABLE_OBJC_WEAK = YES;
				CLANG_WARN_BLOCK_CAPTURE_AUTORELEASING = YES;
				CLANG_WARN_BOOL_CONVERSION = YES;
				CLANG_WARN_COMMA = YES;
				CLANG_WARN_CONSTANT_CONVERSION = YES;
				CLANG_WARN_DEPRECATED_OBJC_IMPLEMENTATIONS = YES;
				CLANG_WARN_DIRECT_OBJC_ISA_USAGE = YES_ERROR;
				CLANG_WARN_DOCUMENTATION_COMMENTS = YES;
				CLANG_WARN_EMPTY_BODY = YES;
				CLANG_WARN_ENUM_CONVERSION = YES;
				CLANG_WARN_INFINITE_RECURSION = YES;
				CLANG_WARN_INT_CONVERSION = YES;
				CLANG_WARN_NON_LITERAL_NULL_CONVERSION = YES;
				CLANG_WARN_OBJC_IMPLICIT_RETAIN_SELF = YES;
				CLANG_WARN_OBJC_LITERAL_CONVERSION = YES;
				CLANG_WARN_OBJC_ROOT_CLASS = YES_ERROR;
				CLANG_WARN_QUOTED_INCLUDE_IN_FRAMEWORK_HEADER = YES;
				CLANG_WARN_RANGE_LOOP_ANALYSIS = YES;
				CLANG_WARN_STRICT_PROTOTYPES = YES;
				CLANG_WARN_SUSPICIOUS_MOVE = YES;
				CLANG_WARN_UNGUARDED_AVAILABILITY = YES_AGGRESSIVE;
				CLANG_WARN_UNREACHABLE_CODE = YES;
				CLANG_WARN__DUPLICATE_METHOD_MATCH = YES;
				COPY_PHASE_STRIP = NO;
				DEBUG_INFORMATION_FORMAT = "dwarf-with-dsym";
				ENABLE_NS_ASSERTIONS = NO;
				ENABLE_STRICT_OBJC_MSGSEND = YES;
				GCC_C_LANGUAGE_STANDARD = gnu11;
				GCC_NO_COMMON_BLOCKS = YES;
				GCC_WARN_64_TO_32_BIT_CONVERSION = YES;
				GCC_WARN_ABOUT_RETURN_TYPE = YES_ERROR;
				GCC_WARN_UNDECLARED_SELECTOR = YES;
				GCC_WARN_UNINITIALIZED_AUTOS = YES_AGGRESSIVE;
				GCC_WARN_UNUSED_FUNCTION = YES;
				GCC_WARN_UNUSED_VARIABLE = YES;
				IPHONEOS_DEPLOYMENT_TARGET = 16.4;
				MTL_ENABLE_DEBUG_INFO = NO;
				MTL_FAST_MATH = YES;
				SDKROOT = iphoneos;
				SWIFT_COMPILATION_MODE = wholemodule;
				SWIFT_OPTIMIZATION_LEVEL = "-O";
				VALIDATE_PRODUCT = YES;
			};
			name = Release;
		};
		E6DB070B2A587A0900F6EA93 /* Debug */ = {
			isa = XCBuildConfiguration;
			buildSettings = {
				ASSETCATALOG_COMPILER_APPICON_NAME = AppIcon;
				ASSETCATALOG_COMPILER_GLOBAL_ACCENT_COLOR_NAME = AccentColor;
				CODE_SIGN_STYLE = Automatic;
				CURRENT_PROJECT_VERSION = 1;
				DEVELOPMENT_TEAM = 7292J8DX97;
				GENERATE_INFOPLIST_FILE = YES;
				INFOPLIST_KEY_UIApplicationSupportsIndirectInputEvents = YES;
				INFOPLIST_KEY_UILaunchStoryboardName = LaunchScreen;
				INFOPLIST_KEY_UIMainStoryboardFile = Main;
				INFOPLIST_KEY_UIStatusBarHidden = YES;
				INFOPLIST_KEY_UISupportedInterfaceOrientations = "UIInterfaceOrientationLandscapeLeft UIInterfaceOrientationLandscapeRight";
				LD_RUNPATH_SEARCH_PATHS = (
					"$(inherited)",
					"@executable_path/Frameworks",
				);
				MARKETING_VERSION = 1.0;
				PRODUCT_BUNDLE_IDENTIFIER = com.biyenkakatsiaryna.TheMostAttentivePerson;
				PRODUCT_NAME = "$(TARGET_NAME)";
				SWIFT_EMIT_LOC_STRINGS = YES;
				SWIFT_VERSION = 5.0;
				TARGETED_DEVICE_FAMILY = "1,2";
			};
			name = Debug;
		};
		E6DB070C2A587A0900F6EA93 /* Release */ = {
			isa = XCBuildConfiguration;
			buildSettings = {
				ASSETCATALOG_COMPILER_APPICON_NAME = AppIcon;
				ASSETCATALOG_COMPILER_GLOBAL_ACCENT_COLOR_NAME = AccentColor;
				CODE_SIGN_STYLE = Automatic;
				CURRENT_PROJECT_VERSION = 1;
				DEVELOPMENT_TEAM = 7292J8DX97;
				GENERATE_INFOPLIST_FILE = YES;
				INFOPLIST_KEY_UIApplicationSupportsIndirectInputEvents = YES;
				INFOPLIST_KEY_UILaunchStoryboardName = LaunchScreen;
				INFOPLIST_KEY_UIMainStoryboardFile = Main;
				INFOPLIST_KEY_UIStatusBarHidden = YES;
				INFOPLIST_KEY_UISupportedInterfaceOrientations = "UIInterfaceOrientationLandscapeLeft UIInterfaceOrientationLandscapeRight";
				LD_RUNPATH_SEARCH_PATHS = (
					"$(inherited)",
					"@executable_path/Frameworks",
				);
				MARKETING_VERSION = 1.0;
				PRODUCT_BUNDLE_IDENTIFIER = com.biyenkakatsiaryna.TheMostAttentivePerson;
				PRODUCT_NAME = "$(TARGET_NAME)";
				SWIFT_EMIT_LOC_STRINGS = YES;
				SWIFT_VERSION = 5.0;
				TARGETED_DEVICE_FAMILY = "1,2";
			};
			name = Release;
		};
		E6DB070E2A587A0900F6EA93 /* Debug */ = {
			isa = XCBuildConfiguration;
			buildSettings = {
				ALWAYS_EMBED_SWIFT_STANDARD_LIBRARIES = YES;
				BUNDLE_LOADER = "$(TEST_HOST)";
				CODE_SIGN_STYLE = Automatic;
				CURRENT_PROJECT_VERSION = 1;
				DEVELOPMENT_TEAM = 7292J8DX97;
				GENERATE_INFOPLIST_FILE = YES;
				IPHONEOS_DEPLOYMENT_TARGET = 16.4;
				MARKETING_VERSION = 1.0;
				PRODUCT_BUNDLE_IDENTIFIER = com.biyenkakatsiaryna.TheMostAttentivePersonTests;
				PRODUCT_NAME = "$(TARGET_NAME)";
				SWIFT_EMIT_LOC_STRINGS = NO;
				SWIFT_VERSION = 5.0;
				TARGETED_DEVICE_FAMILY = "1,2";
				TEST_HOST = "$(BUILT_PRODUCTS_DIR)/TheMostAttentivePerson.app/$(BUNDLE_EXECUTABLE_FOLDER_PATH)/TheMostAttentivePerson";
			};
			name = Debug;
		};
		E6DB070F2A587A0900F6EA93 /* Release */ = {
			isa = XCBuildConfiguration;
			buildSettings = {
				ALWAYS_EMBED_SWIFT_STANDARD_LIBRARIES = YES;
				BUNDLE_LOADER = "$(TEST_HOST)";
				CODE_SIGN_STYLE = Automatic;
				CURRENT_PROJECT_VERSION = 1;
				DEVELOPMENT_TEAM = 7292J8DX97;
				GENERATE_INFOPLIST_FILE = YES;
				IPHONEOS_DEPLOYMENT_TARGET = 16.4;
				MARKETING_VERSION = 1.0;
				PRODUCT_BUNDLE_IDENTIFIER = com.biyenkakatsiaryna.TheMostAttentivePersonTests;
				PRODUCT_NAME = "$(TARGET_NAME)";
				SWIFT_EMIT_LOC_STRINGS = NO;
				SWIFT_VERSION = 5.0;
				TARGETED_DEVICE_FAMILY = "1,2";
				TEST_HOST = "$(BUILT_PRODUCTS_DIR)/TheMostAttentivePerson.app/$(BUNDLE_EXECUTABLE_FOLDER_PATH)/TheMostAttentivePerson";
			};
			name = Release;
		};
		E6DB07112A587A0900F6EA93 /* Debug */ = {
			isa = XCBuildConfiguration;
			buildSettings = {
				ALWAYS_EMBED_SWIFT_STANDARD_LIBRARIES = YES;
				CODE_SIGN_STYLE = Automatic;
				CURRENT_PROJECT_VERSION = 1;
				DEVELOPMENT_TEAM = 7292J8DX97;
				GENERATE_INFOPLIST_FILE = YES;
				MARKETING_VERSION = 1.0;
				PRODUCT_BUNDLE_IDENTIFIER = com.biyenkakatsiaryna.TheMostAttentivePersonUITests;
				PRODUCT_NAME = "$(TARGET_NAME)";
				SWIFT_EMIT_LOC_STRINGS = NO;
				SWIFT_VERSION = 5.0;
				TARGETED_DEVICE_FAMILY = "1,2";
				TEST_TARGET_NAME = TheMostAttentivePerson;
			};
			name = Debug;
		};
		E6DB07122A587A0900F6EA93 /* Release */ = {
			isa = XCBuildConfiguration;
			buildSettings = {
				ALWAYS_EMBED_SWIFT_STANDARD_LIBRARIES = YES;
				CODE_SIGN_STYLE = Automatic;
				CURRENT_PROJECT_VERSION = 1;
				DEVELOPMENT_TEAM = 7292J8DX97;
				GENERATE_INFOPLIST_FILE = YES;
				MARKETING_VERSION = 1.0;
				PRODUCT_BUNDLE_IDENTIFIER = com.biyenkakatsiaryna.TheMostAttentivePersonUITests;
				PRODUCT_NAME = "$(TARGET_NAME)";
				SWIFT_EMIT_LOC_STRINGS = NO;
				SWIFT_VERSION = 5.0;
				TARGETED_DEVICE_FAMILY = "1,2";
				TEST_TARGET_NAME = TheMostAttentivePerson;
			};
			name = Release;
		};
/* End XCBuildConfiguration section */

/* Begin XCConfigurationList section */
		E6DB06D82A587A0800F6EA93 /* Build configuration list for PBXProject "TheMostAttentivePerson" */ = {
			isa = XCConfigurationList;
			buildConfigurations = (
				E6DB07082A587A0900F6EA93 /* Debug */,
				E6DB07092A587A0900F6EA93 /* Release */,
			);
			defaultConfigurationIsVisible = 0;
			defaultConfigurationName = Release;
		};
		E6DB070A2A587A0900F6EA93 /* Build configuration list for PBXNativeTarget "TheMostAttentivePerson" */ = {
			isa = XCConfigurationList;
			buildConfigurations = (
				E6DB070B2A587A0900F6EA93 /* Debug */,
				E6DB070C2A587A0900F6EA93 /* Release */,
			);
			defaultConfigurationIsVisible = 0;
			defaultConfigurationName = Release;
		};
		E6DB070D2A587A0900F6EA93 /* Build configuration list for PBXNativeTarget "TheMostAttentivePersonTests" */ = {
			isa = XCConfigurationList;
			buildConfigurations = (
				E6DB070E2A587A0900F6EA93 /* Debug */,
				E6DB070F2A587A0900F6EA93 /* Release */,
			);
			defaultConfigurationIsVisible = 0;
			defaultConfigurationName = Release;
		};
		E6DB07102A587A0900F6EA93 /* Build configuration list for PBXNativeTarget "TheMostAttentivePersonUITests" */ = {
			isa = XCConfigurationList;
			buildConfigurations = (
				E6DB07112A587A0900F6EA93 /* Debug */,
				E6DB07122A587A0900F6EA93 /* Release */,
			);
			defaultConfigurationIsVisible = 0;
			defaultConfigurationName = Release;
		};
/* End XCConfigurationList section */
	};
	rootObject = E6DB06D52A587A0800F6EA93 /* Project object */;
}
